// !$*UTF8*$!
{
	archiveVersion = 1;
	classes = {
	};
	objectVersion = 50;
	objects = {

/* Begin PBXBuildFile section */
		C29873052504A26200A1ADA0 /* AppDelegate.swift in Sources */ = {isa = PBXBuildFile; fileRef = C29873042504A26100A1ADA0 /* AppDelegate.swift */; };
		C29873072504A26200A1ADA0 /* SceneDelegate.swift in Sources */ = {isa = PBXBuildFile; fileRef = C29873062504A26200A1ADA0 /* SceneDelegate.swift */; };
		C29873092504A26200A1ADA0 /* ViewController.swift in Sources */ = {isa = PBXBuildFile; fileRef = C29873082504A26200A1ADA0 /* ViewController.swift */; };
		C298730C2504A26200A1ADA0 /* Main.storyboard in Resources */ = {isa = PBXBuildFile; fileRef = C298730A2504A26200A1ADA0 /* Main.storyboard */; };
		C298730E2504A26300A1ADA0 /* Assets.xcassets in Resources */ = {isa = PBXBuildFile; fileRef = C298730D2504A26300A1ADA0 /* Assets.xcassets */; };
		C29873112504A26300A1ADA0 /* LaunchScreen.storyboard in Resources */ = {isa = PBXBuildFile; fileRef = C298730F2504A26300A1ADA0 /* LaunchScreen.storyboard */; };
		C29873192504BE0A00A1ADA0 /* PinCodeTextField.swift in Sources */ = {isa = PBXBuildFile; fileRef = C29873182504BE0A00A1ADA0 /* PinCodeTextField.swift */; };
		C298731B2504C62D00A1ADA0 /* PinCodeTextFieldItemView.swift in Sources */ = {isa = PBXBuildFile; fileRef = C298731A2504C62D00A1ADA0 /* PinCodeTextFieldItemView.swift */; };
/* End PBXBuildFile section */

/* Begin PBXFileReference section */
		C29873012504A26100A1ADA0 /* PinCodeTextField.app */ = {isa = PBXFileReference; explicitFileType = wrapper.application; includeInIndex = 0; path = PinCodeTextField.app; sourceTree = BUILT_PRODUCTS_DIR; };
		C29873042504A26100A1ADA0 /* AppDelegate.swift */ = {isa = PBXFileReference; lastKnownFileType = sourcecode.swift; path = AppDelegate.swift; sourceTree = "<group>"; };
		C29873062504A26200A1ADA0 /* SceneDelegate.swift */ = {isa = PBXFileReference; lastKnownFileType = sourcecode.swift; path = SceneDelegate.swift; sourceTree = "<group>"; };
		C29873082504A26200A1ADA0 /* ViewController.swift */ = {isa = PBXFileReference; lastKnownFileType = sourcecode.swift; path = ViewController.swift; sourceTree = "<group>"; };
		C298730B2504A26200A1ADA0 /* Base */ = {isa = PBXFileReference; lastKnownFileType = file.storyboard; name = Base; path = Base.lproj/Main.storyboard; sourceTree = "<group>"; };
		C298730D2504A26300A1ADA0 /* Assets.xcassets */ = {isa = PBXFileReference; lastKnownFileType = folder.assetcatalog; path = Assets.xcassets; sourceTree = "<group>"; };
		C29873102504A26300A1ADA0 /* Base */ = {isa = PBXFileReference; lastKnownFileType = file.storyboard; name = Base; path = Base.lproj/LaunchScreen.storyboard; sourceTree = "<group>"; };
		C29873122504A26300A1ADA0 /* Info.plist */ = {isa = PBXFileReference; lastKnownFileType = text.plist.xml; path = Info.plist; sourceTree = "<group>"; };
		C29873182504BE0A00A1ADA0 /* PinCodeTextField.swift */ = {isa = PBXFileReference; lastKnownFileType = sourcecode.swift; path = PinCodeTextField.swift; sourceTree = "<group>"; };
		C298731A2504C62D00A1ADA0 /* PinCodeTextFieldItemView.swift */ = {isa = PBXFileReference; lastKnownFileType = sourcecode.swift; path = PinCodeTextFieldItemView.swift; sourceTree = "<group>"; };
/* End PBXFileReference section */

/* Begin PBXFrameworksBuildPhase section */
		C29872FE2504A26100A1ADA0 /* Frameworks */ = {
			isa = PBXFrameworksBuildPhase;
			buildActionMask = 2147483647;
			files = (
			);
			runOnlyForDeploymentPostprocessing = 0;
		};
/* End PBXFrameworksBuildPhase section */

/* Begin PBXGroup section */
		C29872F82504A26100A1ADA0 = {
			isa = PBXGroup;
			children = (
				C29873032504A26100A1ADA0 /* PinCodeTextField */,
				C29873022504A26100A1ADA0 /* Products */,
			);
			sourceTree = "<group>";
		};
		C29873022504A26100A1ADA0 /* Products */ = {
			isa = PBXGroup;
			children = (
				C29873012504A26100A1ADA0 /* PinCodeTextField.app */,
			);
			name = Products;
			sourceTree = "<group>";
		};
		C29873032504A26100A1ADA0 /* PinCodeTextField */ = {
			isa = PBXGroup;
			children = (
				C29873042504A26100A1ADA0 /* AppDelegate.swift */,
				C29873062504A26200A1ADA0 /* SceneDelegate.swift */,
				C29873082504A26200A1ADA0 /* ViewController.swift */,
				C29873182504BE0A00A1ADA0 /* PinCodeTextField.swift */,
				C298731A2504C62D00A1ADA0 /* PinCodeTextFieldItemView.swift */,
				C298730A2504A26200A1ADA0 /* Main.storyboard */,
				C298730D2504A26300A1ADA0 /* Assets.xcassets */,
				C298730F2504A26300A1ADA0 /* LaunchScreen.storyboard */,
				C29873122504A26300A1ADA0 /* Info.plist */,
			);
			path = PinCodeTextField;
			sourceTree = "<group>";
		};
/* End PBXGroup section */

/* Begin PBXNativeTarget section */
		C29873002504A26100A1ADA0 /* PinCodeTextField */ = {
			isa = PBXNativeTarget;
			buildConfigurationList = C29873152504A26300A1ADA0 /* Build configuration list for PBXNativeTarget "PinCodeTextField" */;
			buildPhases = (
				C29872FD2504A26100A1ADA0 /* Sources */,
				C29872FE2504A26100A1ADA0 /* Frameworks */,
				C29872FF2504A26100A1ADA0 /* Resources */,
			);
			buildRules = (
			);
			dependencies = (
			);
			name = PinCodeTextField;
			productName = PinCodeTextField;
			productReference = C29873012504A26100A1ADA0 /* PinCodeTextField.app */;
			productType = "com.apple.product-type.application";
		};
/* End PBXNativeTarget section */

/* Begin PBXProject section */
		C29872F92504A26100A1ADA0 /* Project object */ = {
			isa = PBXProject;
			attributes = {
				LastSwiftUpdateCheck = 1170;
				LastUpgradeCheck = 1170;
				ORGANIZATIONNAME = satelens;
				TargetAttributes = {
					C29873002504A26100A1ADA0 = {
						CreatedOnToolsVersion = 11.7;
					};
				};
			};
			buildConfigurationList = C29872FC2504A26100A1ADA0 /* Build configuration list for PBXProject "PinCodeTextField" */;
			compatibilityVersion = "Xcode 9.3";
			developmentRegion = en;
			hasScannedForEncodings = 0;
			knownRegions = (
				en,
				Base,
			);
			mainGroup = C29872F82504A26100A1ADA0;
			productRefGroup = C29873022504A26100A1ADA0 /* Products */;
			projectDirPath = "";
			projectRoot = "";
			targets = (
				C29873002504A26100A1ADA0 /* PinCodeTextField */,
			);
		};
/* End PBXProject section */

/* Begin PBXResourcesBuildPhase section */
		C29872FF2504A26100A1ADA0 /* Resources */ = {
			isa = PBXResourcesBuildPhase;
			buildActionMask = 2147483647;
			files = (
				C29873112504A26300A1ADA0 /* LaunchScreen.storyboard in Resources */,
				C298730E2504A26300A1ADA0 /* Assets.xcassets in Resources */,
				C298730C2504A26200A1ADA0 /* Main.storyboard in Resources */,
			);
			runOnlyForDeploymentPostprocessing = 0;
		};
/* End PBXResourcesBuildPhase section */

/* Begin PBXSourcesBuildPhase section */
		C29872FD2504A26100A1ADA0 /* Sources */ = {
			isa = PBXSourcesBuildPhase;
			buildActionMask = 2147483647;
			files = (
				C29873192504BE0A00A1ADA0 /* PinCodeTextField.swift in Sources */,
				C298731B2504C62D00A1ADA0 /* PinCodeTextFieldItemView.swift in Sources */,
				C29873092504A26200A1ADA0 /* ViewController.swift in Sources */,
				C29873052504A26200A1ADA0 /* AppDelegate.swift in Sources */,
				C29873072504A26200A1ADA0 /* SceneDelegate.swift in Sources */,
			);
			runOnlyForDeploymentPostprocessing = 0;
		};
/* End PBXSourcesBuildPhase section */

/* Begin PBXVariantGroup section */
		C298730A2504A26200A1ADA0 /* Main.storyboard */ = {
			isa = PBXVariantGroup;
			children = (
				C298730B2504A26200A1ADA0 /* Base */,
			);
			name = Main.storyboard;
			sourceTree = "<group>";
		};
		C298730F2504A26300A1ADA0 /* LaunchScreen.storyboard */ = {
			isa = PBXVariantGroup;
			children = (
				C29873102504A26300A1ADA0 /* Base */,
			);
			name = LaunchScreen.storyboard;
			sourceTree = "<group>";
		};
/* End PBXVariantGroup section */

/* Begin XCBuildConfiguration section */
		C29873132504A26300A1ADA0 /* Debug */ = {
			isa = XCBuildConfiguration;
			buildSettings = {
				ALWAYS_SEARCH_USER_PATHS = NO;
				CLANG_ANALYZER_NONNULL = YES;
				CLANG_ANALYZER_NUMBER_OBJECT_CONVERSION = YES_AGGRESSIVE;
				CLANG_CXX_LANGUAGE_STANDARD = "gnu++14";
				CLANG_CXX_LIBRARY = "libc++";
				CLANG_ENABLE_MODULES = YES;
				CLANG_ENABLE_OBJC_ARC = YES;
				CLANG_ENABLE_OBJC_WEAK = YES;
				CLANG_WARN_BLOCK_CAPTURE_AUTORELEASING = YES;
				CLANG_WARN_BOOL_CONVERSION = YES;
				CLANG_WARN_COMMA = YES;
				CLANG_WARN_CONSTANT_CONVERSION = YES;
				CLANG_WARN_DEPRECATED_OBJC_IMPLEMENTATIONS = YES;
				CLANG_WARN_DIRECT_OBJC_ISA_USAGE = YES_ERROR;
				CLANG_WARN_DOCUMENTATION_COMMENTS = YES;
				CLANG_WARN_EMPTY_BODY = YES;
				CLANG_WARN_ENUM_CONVERSION = YES;
				CLANG_WARN_INFINITE_RECURSION = YES;
				CLANG_WARN_INT_CONVERSION = YES;
				CLANG_WARN_NON_LITERAL_NULL_CONVERSION = YES;
				CLANG_WARN_OBJC_IMPLICIT_RETAIN_SELF = YES;
				CLANG_WARN_OBJC_LITERAL_CONVERSION = YES;
				CLANG_WARN_OBJC_ROOT_CLASS = YES_ERROR;
				CLANG_WARN_RANGE_LOOP_ANALYSIS = YES;
				CLANG_WARN_STRICT_PROTOTYPES = YES;
				CLANG_WARN_SUSPICIOUS_MOVE = YES;
				CLANG_WARN_UNGUARDED_AVAILABILITY = YES_AGGRESSIVE;
				CLANG_WARN_UNREACHABLE_CODE = YES;
				CLANG_WARN__DUPLICATE_METHOD_MATCH = YES;
				COPY_PHASE_STRIP = NO;
				DEBUG_INFORMATION_FORMAT = dwarf;
				ENABLE_STRICT_OBJC_MSGSEND = YES;
				ENABLE_TESTABILITY = YES;
				GCC_C_LANGUAGE_STANDARD = gnu11;
				GCC_DYNAMIC_NO_PIC = NO;
				GCC_NO_COMMON_BLOCKS = YES;
				GCC_OPTIMIZATION_LEVEL = 0;
				GCC_PREPROCESSOR_DEFINITIONS = (
					"DEBUG=1",
					"$(inherited)",
				);
				GCC_WARN_64_TO_32_BIT_CONVERSION = YES;
				GCC_WARN_ABOUT_RETURN_TYPE = YES_ERROR;
				GCC_WARN_UNDECLARED_SELECTOR = YES;
				GCC_WARN_UNINITIALIZED_AUTOS = YES_AGGRESSIVE;
				GCC_WARN_UNUSED_FUNCTION = YES;
				GCC_WARN_UNUSED_VARIABLE = YES;
				IPHONEOS_DEPLOYMENT_TARGET = 13.7;
				MTL_ENABLE_DEBUG_INFO = INCLUDE_SOURCE;
				MTL_FAST_MATH = YES;
				ONLY_ACTIVE_ARCH = YES;
				SDKROOT = iphoneos;
				SWIFT_ACTIVE_COMPILATION_CONDITIONS = DEBUG;
				SWIFT_OPTIMIZATION_LEVEL = "-Onone";
			};
			name = Debug;
		};
		C29873142504A26300A1ADA0 /* Release */ = {
			isa = XCBuildConfiguration;
			buildSettings = {
				ALWAYS_SEARCH_USER_PATHS = NO;
				CLANG_ANALYZER_NONNULL = YES;
				CLANG_ANALYZER_NUMBER_OBJECT_CONVERSION = YES_AGGRESSIVE;
				CLANG_CXX_LANGUAGE_STANDARD = "gnu++14";
				CLANG_CXX_LIBRARY = "libc++";
				CLANG_ENABLE_MODULES = YES;
				CLANG_ENABLE_OBJC_ARC = YES;
				CLANG_ENABLE_OBJC_WEAK = YES;
				CLANG_WARN_BLOCK_CAPTURE_AUTORELEASING = YES;
				CLANG_WARN_BOOL_CONVERSION = YES;
				CLANG_WARN_COMMA = YES;
				CLANG_WARN_CONSTANT_CONVERSION = YES;
				CLANG_WARN_DEPRECATED_OBJC_IMPLEMENTATIONS = YES;
				CLANG_WARN_DIRECT_OBJC_ISA_USAGE = YES_ERROR;
				CLANG_WARN_DOCUMENTATION_COMMENTS = YES;
				CLANG_WARN_EMPTY_BODY = YES;
				CLANG_WARN_ENUM_CONVERSION = YES;
				CLANG_WARN_INFINITE_RECURSION = YES;
				CLANG_WARN_INT_CONVERSION = YES;
				CLANG_WARN_NON_LITERAL_NULL_CONVERSION = YES;
				CLANG_WARN_OBJC_IMPLICIT_RETAIN_SELF = YES;
				CLANG_WARN_OBJC_LITERAL_CONVERSION = YES;
				CLANG_WARN_OBJC_ROOT_CLASS = YES_ERROR;
				CLANG_WARN_RANGE_LOOP_ANALYSIS = YES;
				CLANG_WARN_STRICT_PROTOTYPES = YES;
				CLANG_WARN_SUSPICIOUS_MOVE = YES;
				CLANG_WARN_UNGUARDED_AVAILABILITY = YES_AGGRESSIVE;
				CLANG_WARN_UNREACHABLE_CODE = YES;
				CLANG_WARN__DUPLICATE_METHOD_MATCH = YES;
				COPY_PHASE_STRIP = NO;
				DEBUG_INFORMATION_FORMAT = "dwarf-with-dsym";
				ENABLE_NS_ASSERTIONS = NO;
				ENABLE_STRICT_OBJC_MSGSEND = YES;
				GCC_C_LANGUAGE_STANDARD = gnu11;
				GCC_NO_COMMON_BLOCKS = YES;
				GCC_WARN_64_TO_32_BIT_CONVERSION = YES;
				GCC_WARN_ABOUT_RETURN_TYPE = YES_ERROR;
				GCC_WARN_UNDECLARED_SELECTOR = YES;
				GCC_WARN_UNINITIALIZED_AUTOS = YES_AGGRESSIVE;
				GCC_WARN_UNUSED_FUNCTION = YES;
				GCC_WARN_UNUSED_VARIABLE = YES;
				IPHONEOS_DEPLOYMENT_TARGET = 13.7;
				MTL_ENABLE_DEBUG_INFO = NO;
				MTL_FAST_MATH = YES;
				SDKROOT = iphoneos;
				SWIFT_COMPILATION_MODE = wholemodule;
				SWIFT_OPTIMIZATION_LEVEL = "-O";
				VALIDATE_PRODUCT = YES;
			};
			name = Release;
		};
		C29873162504A26300A1ADA0 /* Debug */ = {
			isa = XCBuildConfiguration;
			buildSettings = {
				ASSETCATALOG_COMPILER_APPICON_NAME = AppIcon;
				CODE_SIGN_STYLE = Automatic;
				DEVELOPMENT_TEAM = BUHZRM879V;
				INFOPLIST_FILE = PinCodeTextField/Info.plist;
				LD_RUNPATH_SEARCH_PATHS = (
					"$(inherited)",
					"@executable_path/Frameworks",
				);
				PRODUCT_BUNDLE_IDENTIFIER = com.satelens.PinCodeTextField;
				PRODUCT_NAME = "$(TARGET_NAME)";
				SWIFT_VERSION = 5.0;
				TARGETED_DEVICE_FAMILY = "1,2";
			};
			name = Debug;
		};
		C29873172504A26300A1ADA0 /* Release */ = {
			isa = XCBuildConfiguration;
			buildSettings = {
				ASSETCATALOG_COMPILER_APPICON_NAME = AppIcon;
				CODE_SIGN_STYLE = Automatic;
				DEVELOPMENT_TEAM = BUHZRM879V;
				INFOPLIST_FILE = PinCodeTextField/Info.plist;
				LD_RUNPATH_SEARCH_PATHS = (
					"$(inherited)",
					"@executable_path/Frameworks",
				);
				PRODUCT_BUNDLE_IDENTIFIER = com.satelens.PinCodeTextField;
				PRODUCT_NAME = "$(TARGET_NAME)";
				SWIFT_VERSION = 5.0;
				TARGETED_DEVICE_FAMILY = "1,2";
			};
			name = Release;
		};
/* End XCBuildConfiguration section */

/* Begin XCConfigurationList section */
		C29872FC2504A26100A1ADA0 /* Build configuration list for PBXProject "PinCodeTextField" */ = {
			isa = XCConfigurationList;
			buildConfigurations = (
				C29873132504A26300A1ADA0 /* Debug */,
				C29873142504A26300A1ADA0 /* Release */,
			);
			defaultConfigurationIsVisible = 0;
			defaultConfigurationName = Release;
		};
		C29873152504A26300A1ADA0 /* Build configuration list for PBXNativeTarget "PinCodeTextField" */ = {
			isa = XCConfigurationList;
			buildConfigurations = (
				C29873162504A26300A1ADA0 /* Debug */,
				C29873172504A26300A1ADA0 /* Release */,
			);
			defaultConfigurationIsVisible = 0;
			defaultConfigurationName = Release;
		};
/* End XCConfigurationList section */
	};
	rootObject = C29872F92504A26100A1ADA0 /* Project object */;
}
